
Microsoft Visual Studio Solution File, Format Version 12.00
# Visual Studio Version 17
VisualStudioVersion = 17.0.31903.59
MinimumVisualStudioVersion = 10.0.40219.1
Project("{2150E333-8FDC-42A3-9474-1A3956D46DE8}") = "src", "src", "{827E0CD3-B72D-47B6-A68D-7590B98EB39B}"
EndProject
Project("{FAE04EC0-301F-11D3-BF4B-00C04F79EFBC}") = "HoneyGrid.Contracts", "src\HoneyGrid.Contracts\HoneyGrid.Contracts.csproj", "{252CE0CD-1FB9-4620-8BC3-E29F5D15F978}"
EndProject
Project("{2150E333-8FDC-42A3-9474-1A3956D46DE8}") = "HoneyGrid.Sensors", "HoneyGrid.Sensors", "{659458DF-543A-299B-5B52-F9CE6B25B319}"
EndProject
Project("{FAE04EC0-301F-11D3-BF4B-00C04F79EFBC}") = "HoneyGrid.Sensors.Web", "src\HoneyGrid.Sensors\HoneyGrid.Sensors.Web\HoneyGrid.Sensors.Web.csproj", "{3C151707-8C1D-4733-9332-1179CE3698D1}"
EndProject
Project("{FAE04EC0-301F-11D3-BF4B-00C04F79EFBC}") = "HoneyGrid.Sensors.Tcp", "src\HoneyGrid.Sensors\HoneyGrid.Sensors.Tcp\HoneyGrid.Sensors.Tcp.csproj", "{447E5F5D-EA41-40FB-A3CC-75EBECD0B629}"
EndProject
Project("{FAE04EC0-301F-11D3-BF4B-00C04F79EFBC}") = "HoneyGrid.Ingestion", "src\HoneyGrid.Ingestion\HoneyGrid.Ingestion.csproj", "{823C1D7D-C242-4B7D-8F7D-1CD459F36060}"
EndProject
Project("{FAE04EC0-301F-11D3-BF4B-00C04F79EFBC}") = "HoneyGrid.Functions", "src\HoneyGrid.Functions\HoneyGrid.Functions.csproj", "{A1D7A8BD-63E2-4087-87BC-371243542A82}"
EndProject
Project("{FAE04EC0-301F-11D3-BF4B-00C04F79EFBC}") = "HoneyGrid.Stix", "src\HoneyGrid.Stix\HoneyGrid.Stix.csproj", "{2A3DA8E9-CA09-48DC-9D13-C6725265F4AE}"
EndProject
Project("{FAE04EC0-301F-11D3-BF4B-00C04F79EFBC}") = "HoneyGrid.Api", "src\HoneyGrid.Api\HoneyGrid.Api.csproj", "{6A0E352C-2EA2-4958-8432-8A2BDE7A70A7}"
EndProject
Project("{2150E333-8FDC-42A3-9474-1A3956D46DE8}") = "tests", "tests", "{0AB3BF05-4346-4AA6-1389-037BE0695223}"
EndProject
Project("{FAE04EC0-301F-11D3-BF4B-00C04F79EFBC}") = "HoneyGrid.Contracts.Tests", "tests\HoneyGrid.Contracts.Tests\HoneyGrid.Contracts.Tests.csproj", "{EEC85BE7-6A2A-4585-8BD1-9CF682E5EB98}"
EndProject
Project("{FAE04EC0-301F-11D3-BF4B-00C04F79EFBC}") = "HoneyGrid.Sensors.Common", "src\HoneyGrid.Sensors\HoneyGrid.Sensors.Common\HoneyGrid.Sensors.Common.csproj", "{09CF6469-9673-4163-B32B-651EDB8AFDCF}"
EndProject
Project("{FAE04EC0-301F-11D3-BF4B-00C04F79EFBC}") = "HoneyGrid.Sensors.CowrieShipper", "src\HoneyGrid.Sensors\HoneyGrid.Sensors.CowrieShipper\HoneyGrid.Sensors.CowrieShipper.csproj", "{6E1F8427-D307-463C-8FB9-F0A8C14D8CB0}"
EndProject
Project("{FAE04EC0-301F-11D3-BF4B-00C04F79EFBC}") = "HoneyGrid.Sensors.Tests", "tests\HoneyGrid.Sensors.Tests\HoneyGrid.Sensors.Tests.csproj", "{8E9FA550-79D5-4D29-A5B7-63C471BA3BCE}"
EndProject
Project("{FAE04EC0-301F-11D3-BF4B-00C04F79EFBC}") = "HoneyGrid.Ingestion.Tests", "tests\HoneyGrid.Ingestion.Tests\HoneyGrid.Ingestion.Tests.csproj", "{8E92A832-52FD-4D15-95FC-68FE32863274}"
EndProject
Project("{FAE04EC0-301F-11D3-BF4B-00C04F79EFBC}") = "HoneyGrid.Replay", "src\HoneyGrid.Replay\HoneyGrid.Replay.csproj", "{3B235590-549A-41DC-A9BC-C056BDF0DD10}"
EndProject
Project("{FAE04EC0-301F-11D3-BF4B-00C04F79EFBC}") = "HoneyGrid.Stix.Tests", "tests\HoneyGrid.Stix.Tests\HoneyGrid.Stix.Tests.csproj", "{45078246-DE7E-4FE1-8118-3565F0FF01DF}"
EndProject
Project("{FAE04EC0-301F-11D3-BF4B-00C04F79EFBC}") = "HoneyGrid.Replay.Tests", "tests\HoneyGrid.Replay.Tests\HoneyGrid.Replay.Tests.csproj", "{9E59CEDB-8FB9-4FFF-A051-E272508B03FC}"
EndProject
Global
	GlobalSection(SolutionConfigurationPlatforms) = preSolution
		Debug|Any CPU = Debug|Any CPU
		Debug|x64 = Debug|x64
		Debug|x86 = Debug|x86
		Release|Any CPU = Release|Any CPU
		Release|x64 = Release|x64
		Release|x86 = Release|x86
	EndGlobalSection
	GlobalSection(ProjectConfigurationPlatforms) = postSolution
		{252CE0CD-1FB9-4620-8BC3-E29F5D15F978}.Debug|Any CPU.ActiveCfg = Debug|Any CPU
		{252CE0CD-1FB9-4620-8BC3-E29F5D15F978}.Debug|Any CPU.Build.0 = Debug|Any CPU
		{252CE0CD-1FB9-4620-8BC3-E29F5D15F978}.Debug|x64.ActiveCfg = Debug|Any CPU
		{252CE0CD-1FB9-4620-8BC3-E29F5D15F978}.Debug|x64.Build.0 = Debug|Any CPU
		{252CE0CD-1FB9-4620-8BC3-E29F5D15F978}.Debug|x86.ActiveCfg = Debug|Any CPU
		{252CE0CD-1FB9-4620-8BC3-E29F5D15F978}.Debug|x86.Build.0 = Debug|Any CPU
		{252CE0CD-1FB9-4620-8BC3-E29F5D15F978}.Release|Any CPU.ActiveCfg = Release|Any CPU
		{252CE0CD-1FB9-4620-8BC3-E29F5D15F978}.Release|Any CPU.Build.0 = Release|Any CPU
		{252CE0CD-1FB9-4620-8BC3-E29F5D15F978}.Release|x64.ActiveCfg = Release|Any CPU
		{252CE0CD-1FB9-4620-8BC3-E29F5D15F978}.Release|x64.Build.0 = Release|Any CPU
		{252CE0CD-1FB9-4620-8BC3-E29F5D15F978}.Release|x86.ActiveCfg = Release|Any CPU
		{252CE0CD-1FB9-4620-8BC3-E29F5D15F978}.Release|x86.Build.0 = Release|Any CPU
		{3C151707-8C1D-4733-9332-1179CE3698D1}.Debug|Any CPU.ActiveCfg = Debug|Any CPU
		{3C151707-8C1D-4733-9332-1179CE3698D1}.Debug|Any CPU.Build.0 = Debug|Any CPU
		{3C151707-8C1D-4733-9332-1179CE3698D1}.Debug|x64.ActiveCfg = Debug|Any CPU
		{3C151707-8C1D-4733-9332-1179CE3698D1}.Debug|x64.Build.0 = Debug|Any CPU
		{3C151707-8C1D-4733-9332-1179CE3698D1}.Debug|x86.ActiveCfg = Debug|Any CPU
		{3C151707-8C1D-4733-9332-1179CE3698D1}.Debug|x86.Build.0 = Debug|Any CPU
		{3C151707-8C1D-4733-9332-1179CE3698D1}.Release|Any CPU.ActiveCfg = Release|Any CPU
		{3C151707-8C1D-4733-9332-1179CE3698D1}.Release|Any CPU.Build.0 = Release|Any CPU
		{3C151707-8C1D-4733-9332-1179CE3698D1}.Release|x64.ActiveCfg = Release|Any CPU
		{3C151707-8C1D-4733-9332-1179CE3698D1}.Release|x64.Build.0 = Release|Any CPU
		{3C151707-8C1D-4733-9332-1179CE3698D1}.Release|x86.ActiveCfg = Release|Any CPU
		{3C151707-8C1D-4733-9332-1179CE3698D1}.Release|x86.Build.0 = Release|Any CPU
		{447E5F5D-EA41-40FB-A3CC-75EBECD0B629}.Debug|Any CPU.ActiveCfg = Debug|Any CPU
		{447E5F5D-EA41-40FB-A3CC-75EBECD0B629}.Debug|Any CPU.Build.0 = Debug|Any CPU
		{447E5F5D-EA41-40FB-A3CC-75EBECD0B629}.Debug|x64.ActiveCfg = Debug|Any CPU
		{447E5F5D-EA41-40FB-A3CC-75EBECD0B629}.Debug|x64.Build.0 = Debug|Any CPU
		{447E5F5D-EA41-40FB-A3CC-75EBECD0B629}.Debug|x86.ActiveCfg = Debug|Any CPU
		{447E5F5D-EA41-40FB-A3CC-75EBECD0B629}.Debug|x86.Build.0 = Debug|Any CPU
		{447E5F5D-EA41-40FB-A3CC-75EBECD0B629}.Release|Any CPU.ActiveCfg = Release|Any CPU
		{447E5F5D-EA41-40FB-A3CC-75EBECD0B629}.Release|Any CPU.Build.0 = Release|Any CPU
		{447E5F5D-EA41-40FB-A3CC-75EBECD0B629}.Release|x64.ActiveCfg = Release|Any CPU
		{447E5F5D-EA41-40FB-A3CC-75EBECD0B629}.Release|x64.Build.0 = Release|Any CPU
		{447E5F5D-EA41-40FB-A3CC-75EBECD0B629}.Release|x86.ActiveCfg = Release|Any CPU
		{447E5F5D-EA41-40FB-A3CC-75EBECD0B629}.Release|x86.Build.0 = Release|Any CPU
		{823C1D7D-C242-4B7D-8F7D-1CD459F36060}.Debug|Any CPU.ActiveCfg = Debug|Any CPU
		{823C1D7D-C242-4B7D-8F7D-1CD459F36060}.Debug|Any CPU.Build.0 = Debug|Any CPU
		{823C1D7D-C242-4B7D-8F7D-1CD459F36060}.Debug|x64.ActiveCfg = Debug|Any CPU
		{823C1D7D-C242-4B7D-8F7D-1CD459F36060}.Debug|x64.Build.0 = Debug|Any CPU
		{823C1D7D-C242-4B7D-8F7D-1CD459F36060}.Debug|x86.ActiveCfg = Debug|Any CPU
		{823C1D7D-C242-4B7D-8F7D-1CD459F36060}.Debug|x86.Build.0 = Debug|Any CPU
		{823C1D7D-C242-4B7D-8F7D-1CD459F36060}.Release|Any CPU.ActiveCfg = Release|Any CPU
		{823C1D7D-C242-4B7D-8F7D-1CD459F36060}.Release|Any CPU.Build.0 = Release|Any CPU
		{823C1D7D-C242-4B7D-8F7D-1CD459F36060}.Release|x64.ActiveCfg = Release|Any CPU
		{823C1D7D-C242-4B7D-8F7D-1CD459F36060}.Release|x64.Build.0 = Release|Any CPU
		{823C1D7D-C242-4B7D-8F7D-1CD459F36060}.Release|x86.ActiveCfg = Release|Any CPU
		{823C1D7D-C242-4B7D-8F7D-1CD459F36060}.Release|x86.Build.0 = Release|Any CPU
		{A1D7A8BD-63E2-4087-87BC-371243542A82}.Debug|Any CPU.ActiveCfg = Debug|Any CPU
		{A1D7A8BD-63E2-4087-87BC-371243542A82}.Debug|Any CPU.Build.0 = Debug|Any CPU
		{A1D7A8BD-63E2-4087-87BC-371243542A82}.Debug|x64.ActiveCfg = Debug|Any CPU
		{A1D7A8BD-63E2-4087-87BC-371243542A82}.Debug|x64.Build.0 = Debug|Any CPU
		{A1D7A8BD-63E2-4087-87BC-371243542A82}.Debug|x86.ActiveCfg = Debug|Any CPU
		{A1D7A8BD-63E2-4087-87BC-371243542A82}.Debug|x86.Build.0 = Debug|Any CPU
		{A1D7A8BD-63E2-4087-87BC-371243542A82}.Release|Any CPU.ActiveCfg = Release|Any CPU
		{A1D7A8BD-63E2-4087-87BC-371243542A82}.Release|Any CPU.Build.0 = Release|Any CPU
		{A1D7A8BD-63E2-4087-87BC-371243542A82}.Release|x64.ActiveCfg = Release|Any CPU
		{A1D7A8BD-63E2-4087-87BC-371243542A82}.Release|x64.Build.0 = Release|Any CPU
		{A1D7A8BD-63E2-4087-87BC-371243542A82}.Release|x86.ActiveCfg = Release|Any CPU
		{A1D7A8BD-63E2-4087-87BC-371243542A82}.Release|x86.Build.0 = Release|Any CPU
		{2A3DA8E9-CA09-48DC-9D13-C6725265F4AE}.Debug|Any CPU.ActiveCfg = Debug|Any CPU
		{2A3DA8E9-CA09-48DC-9D13-C6725265F4AE}.Debug|Any CPU.Build.0 = Debug|Any CPU
		{2A3DA8E9-CA09-48DC-9D13-C6725265F4AE}.Debug|x64.ActiveCfg = Debug|Any CPU
		{2A3DA8E9-CA09-48DC-9D13-C6725265F4AE}.Debug|x64.Build.0 = Debug|Any CPU
		{2A3DA8E9-CA09-48DC-9D13-C6725265F4AE}.Debug|x86.ActiveCfg = Debug|Any CPU
		{2A3DA8E9-CA09-48DC-9D13-C6725265F4AE}.Debug|x86.Build.0 = Debug|Any CPU
		{2A3DA8E9-CA09-48DC-9D13-C6725265F4AE}.Release|Any CPU.ActiveCfg = Release|Any CPU
		{2A3DA8E9-CA09-48DC-9D13-C6725265F4AE}.Release|Any CPU.Build.0 = Release|Any CPU
		{2A3DA8E9-CA09-48DC-9D13-C6725265F4AE}.Release|x64.ActiveCfg = Release|Any CPU
		{2A3DA8E9-CA09-48DC-9D13-C6725265F4AE}.Release|x64.Build.0 = Release|Any CPU
		{2A3DA8E9-CA09-48DC-9D13-C6725265F4AE}.Release|x86.ActiveCfg = Release|Any CPU
		{2A3DA8E9-CA09-48DC-9D13-C6725265F4AE}.Release|x86.Build.0 = Release|Any CPU
		{6A0E352C-2EA2-4958-8432-8A2BDE7A70A7}.Debug|Any CPU.ActiveCfg = Debug|Any CPU
		{6A0E352C-2EA2-4958-8432-8A2BDE7A70A7}.Debug|Any CPU.Build.0 = Debug|Any CPU
		{6A0E352C-2EA2-4958-8432-8A2BDE7A70A7}.Debug|x64.ActiveCfg = Debug|Any CPU
		{6A0E352C-2EA2-4958-8432-8A2BDE7A70A7}.Debug|x64.Build.0 = Debug|Any CPU
		{6A0E352C-2EA2-4958-8432-8A2BDE7A70A7}.Debug|x86.ActiveCfg = Debug|Any CPU
		{6A0E352C-2EA2-4958-8432-8A2BDE7A70A7}.Debug|x86.Build.0 = Debug|Any CPU
		{6A0E352C-2EA2-4958-8432-8A2BDE7A70A7}.Release|Any CPU.ActiveCfg = Release|Any CPU
		{6A0E352C-2EA2-4958-8432-8A2BDE7A70A7}.Release|Any CPU.Build.0 = Release|Any CPU
		{6A0E352C-2EA2-4958-8432-8A2BDE7A70A7}.Release|x64.ActiveCfg = Release|Any CPU
		{6A0E352C-2EA2-4958-8432-8A2BDE7A70A7}.Release|x64.Build.0 = Release|Any CPU
		{6A0E352C-2EA2-4958-8432-8A2BDE7A70A7}.Release|x86.ActiveCfg = Release|Any CPU
		{6A0E352C-2EA2-4958-8432-8A2BDE7A70A7}.Release|x86.Build.0 = Release|Any CPU
		{EEC85BE7-6A2A-4585-8BD1-9CF682E5EB98}.Debug|Any CPU.ActiveCfg = Debug|Any CPU
		{EEC85BE7-6A2A-4585-8BD1-9CF682E5EB98}.Debug|Any CPU.Build.0 = Debug|Any CPU
		{EEC85BE7-6A2A-4585-8BD1-9CF682E5EB98}.Debug|x64.ActiveCfg = Debug|Any CPU
		{EEC85BE7-6A2A-4585-8BD1-9CF682E5EB98}.Debug|x64.Build.0 = Debug|Any CPU
		{EEC85BE7-6A2A-4585-8BD1-9CF682E5EB98}.Debug|x86.ActiveCfg = Debug|Any CPU
		{EEC85BE7-6A2A-4585-8BD1-9CF682E5EB98}.Debug|x86.Build.0 = Debug|Any CPU
		{EEC85BE7-6A2A-4585-8BD1-9CF682E5EB98}.Release|Any CPU.ActiveCfg = Release|Any CPU
		{EEC85BE7-6A2A-4585-8BD1-9CF682E5EB98}.Release|Any CPU.Build.0 = Release|Any CPU
		{EEC85BE7-6A2A-4585-8BD1-9CF682E5EB98}.Release|x64.ActiveCfg = Release|Any CPU
		{EEC85BE7-6A2A-4585-8BD1-9CF682E5EB98}.Release|x64.Build.0 = Release|Any CPU
		{EEC85BE7-6A2A-4585-8BD1-9CF682E5EB98}.Release|x86.ActiveCfg = Release|Any CPU
		{EEC85BE7-6A2A-4585-8BD1-9CF682E5EB98}.Release|x86.Build.0 = Release|Any CPU
		{09CF6469-9673-4163-B32B-651EDB8AFDCF}.Debug|Any CPU.ActiveCfg = Debug|Any CPU
		{09CF6469-9673-4163-B32B-651EDB8AFDCF}.Debug|Any CPU.Build.0 = Debug|Any CPU
		{09CF6469-9673-4163-B32B-651EDB8AFDCF}.Debug|x64.ActiveCfg = Debug|Any CPU
		{09CF6469-9673-4163-B32B-651EDB8AFDCF}.Debug|x64.Build.0 = Debug|Any CPU
		{09CF6469-9673-4163-B32B-651EDB8AFDCF}.Debug|x86.ActiveCfg = Debug|Any CPU
		{09CF6469-9673-4163-B32B-651EDB8AFDCF}.Debug|x86.Build.0 = Debug|Any CPU
		{09CF6469-9673-4163-B32B-651EDB8AFDCF}.Release|Any CPU.ActiveCfg = Release|Any CPU
		{09CF6469-9673-4163-B32B-651EDB8AFDCF}.Release|Any CPU.Build.0 = Release|Any CPU
		{09CF6469-9673-4163-B32B-651EDB8AFDCF}.Release|x64.ActiveCfg = Release|Any CPU
		{09CF6469-9673-4163-B32B-651EDB8AFDCF}.Release|x64.Build.0 = Release|Any CPU
		{09CF6469-9673-4163-B32B-651EDB8AFDCF}.Release|x86.ActiveCfg = Release|Any CPU
		{09CF6469-9673-4163-B32B-651EDB8AFDCF}.Release|x86.Build.0 = Release|Any CPU
		{6E1F8427-D307-463C-8FB9-F0A8C14D8CB0}.Debug|Any CPU.ActiveCfg = Debug|Any CPU
		{6E1F8427-D307-463C-8FB9-F0A8C14D8CB0}.Debug|Any CPU.Build.0 = Debug|Any CPU
		{6E1F8427-D307-463C-8FB9-F0A8C14D8CB0}.Debug|x64.ActiveCfg = Debug|Any CPU
		{6E1F8427-D307-463C-8FB9-F0A8C14D8CB0}.Debug|x64.Build.0 = Debug|Any CPU
		{6E1F8427-D307-463C-8FB9-F0A8C14D8CB0}.Debug|x86.ActiveCfg = Debug|Any CPU
		{6E1F8427-D307-463C-8FB9-F0A8C14D8CB0}.Debug|x86.Build.0 = Debug|Any CPU
		{6E1F8427-D307-463C-8FB9-F0A8C14D8CB0}.Release|Any CPU.ActiveCfg = Release|Any CPU
		{6E1F8427-D307-463C-8FB9-F0A8C14D8CB0}.Release|Any CPU.Build.0 = Release|Any CPU
		{6E1F8427-D307-463C-8FB9-F0A8C14D8CB0}.Release|x64.ActiveCfg = Release|Any CPU
		{6E1F8427-D307-463C-8FB9-F0A8C14D8CB0}.Release|x64.Build.0 = Release|Any CPU
		{6E1F8427-D307-463C-8FB9-F0A8C14D8CB0}.Release|x86.ActiveCfg = Release|Any CPU
		{6E1F8427-D307-463C-8FB9-F0A8C14D8CB0}.Release|x86.Build.0 = Release|Any CPU
		{8E9FA550-79D5-4D29-A5B7-63C471BA3BCE}.Debug|Any CPU.ActiveCfg = Debug|Any CPU
		{8E9FA550-79D5-4D29-A5B7-63C471BA3BCE}.Debug|Any CPU.Build.0 = Debug|Any CPU
		{8E9FA550-79D5-4D29-A5B7-63C471BA3BCE}.Debug|x64.ActiveCfg = Debug|Any CPU
		{8E9FA550-79D5-4D29-A5B7-63C471BA3BCE}.Debug|x64.Build.0 = Debug|Any CPU
		{8E9FA550-79D5-4D29-A5B7-63C471BA3BCE}.Debug|x86.ActiveCfg = Debug|Any CPU
		{8E9FA550-79D5-4D29-A5B7-63C471BA3BCE}.Debug|x86.Build.0 = Debug|Any CPU
		{8E9FA550-79D5-4D29-A5B7-63C471BA3BCE}.Release|Any CPU.ActiveCfg = Release|Any CPU
		{8E9FA550-79D5-4D29-A5B7-63C471BA3BCE}.Release|Any CPU.Build.0 = Release|Any CPU
		{8E9FA550-79D5-4D29-A5B7-63C471BA3BCE}.Release|x64.ActiveCfg = Release|Any CPU
		{8E9FA550-79D5-4D29-A5B7-63C471BA3BCE}.Release|x64.Build.0 = Release|Any CPU
		{8E9FA550-79D5-4D29-A5B7-63C471BA3BCE}.Release|x86.ActiveCfg = Release|Any CPU
		{8E9FA550-79D5-4D29-A5B7-63C471BA3BCE}.Release|x86.Build.0 = Release|Any CPU
		{8E92A832-52FD-4D15-95FC-68FE32863274}.Debug|Any CPU.ActiveCfg = Debug|Any CPU
		{8E92A832-52FD-4D15-95FC-68FE32863274}.Debug|Any CPU.Build.0 = Debug|Any CPU
		{8E92A832-52FD-4D15-95FC-68FE32863274}.Debug|x64.ActiveCfg = Debug|Any CPU
		{8E92A832-52FD-4D15-95FC-68FE32863274}.Debug|x64.Build.0 = Debug|Any CPU
		{8E92A832-52FD-4D15-95FC-68FE32863274}.Debug|x86.ActiveCfg = Debug|Any CPU
		{8E92A832-52FD-4D15-95FC-68FE32863274}.Debug|x86.Build.0 = Debug|Any CPU
		{8E92A832-52FD-4D15-95FC-68FE32863274}.Release|Any CPU.ActiveCfg = Release|Any CPU
		{8E92A832-52FD-4D15-95FC-68FE32863274}.Release|Any CPU.Build.0 = Release|Any CPU
		{8E92A832-52FD-4D15-95FC-68FE32863274}.Release|x64.ActiveCfg = Release|Any CPU
		{8E92A832-52FD-4D15-95FC-68FE32863274}.Release|x64.Build.0 = Release|Any CPU
		{8E92A832-52FD-4D15-95FC-68FE32863274}.Release|x86.ActiveCfg = Release|Any CPU
		{8E92A832-52FD-4D15-95FC-68FE32863274}.Release|x86.Build.0 = Release|Any CPU
		{3B235590-549A-41DC-A9BC-C056BDF0DD10}.Debug|Any CPU.ActiveCfg = Debug|Any CPU
		{3B235590-549A-41DC-A9BC-C056BDF0DD10}.Debug|Any CPU.Build.0 = Debug|Any CPU
		{3B235590-549A-41DC-A9BC-C056BDF0DD10}.Debug|x64.ActiveCfg = Debug|Any CPU
		{3B235590-549A-41DC-A9BC-C056BDF0DD10}.Debug|x64.Build.0 = Debug|Any CPU
		{3B235590-549A-41DC-A9BC-C056BDF0DD10}.Debug|x86.ActiveCfg = Debug|Any CPU
		{3B235590-549A-41DC-A9BC-C056BDF0DD10}.Debug|x86.Build.0 = Debug|Any CPU
		{3B235590-549A-41DC-A9BC-C056BDF0DD10}.Release|Any CPU.ActiveCfg = Release|Any CPU
		{3B235590-549A-41DC-A9BC-C056BDF0DD10}.Release|Any CPU.Build.0 = Release|Any CPU
		{3B235590-549A-41DC-A9BC-C056BDF0DD10}.Release|x64.ActiveCfg = Release|Any CPU
		{3B235590-549A-41DC-A9BC-C056BDF0DD10}.Release|x64.Build.0 = Release|Any CPU
		{3B235590-549A-41DC-A9BC-C056BDF0DD10}.Release|x86.ActiveCfg = Release|Any CPU
		{3B235590-549A-41DC-A9BC-C056BDF0DD10}.Release|x86.Build.0 = Release|Any CPU
		{45078246-DE7E-4FE1-8118-3565F0FF01DF}.Debug|Any CPU.ActiveCfg = Debug|Any CPU
		{45078246-DE7E-4FE1-8118-3565F0FF01DF}.Debug|Any CPU.Build.0 = Debug|Any CPU
		{45078246-DE7E-4FE1-8118-3565F0FF01DF}.Debug|x64.ActiveCfg = Debug|Any CPU
		{45078246-DE7E-4FE1-8118-3565F0FF01DF}.Debug|x64.Build.0 = Debug|Any CPU
		{45078246-DE7E-4FE1-8118-3565F0FF01DF}.Debug|x86.ActiveCfg = Debug|Any CPU
		{45078246-DE7E-4FE1-8118-3565F0FF01DF}.Debug|x86.Build.0 = Debug|Any CPU
		{45078246-DE7E-4FE1-8118-3565F0FF01DF}.Release|Any CPU.ActiveCfg = Release|Any CPU
		{45078246-DE7E-4FE1-8118-3565F0FF01DF}.Release|Any CPU.Build.0 = Release|Any CPU
		{45078246-DE7E-4FE1-8118-3565F0FF01DF}.Release|x64.ActiveCfg = Release|Any CPU
		{45078246-DE7E-4FE1-8118-3565F0FF01DF}.Release|x64.Build.0 = Release|Any CPU
		{45078246-DE7E-4FE1-8118-3565F0FF01DF}.Release|x86.ActiveCfg = Release|Any CPU
		{45078246-DE7E-4FE1-8118-3565F0FF01DF}.Release|x86.Build.0 = Release|Any CPU
		{9E59CEDB-8FB9-4FFF-A051-E272508B03FC}.Debug|Any CPU.ActiveCfg = Debug|Any CPU
		{9E59CEDB-8FB9-4FFF-A051-E272508B03FC}.Debug|Any CPU.Build.0 = Debug|Any CPU
		{9E59CEDB-8FB9-4FFF-A051-E272508B03FC}.Debug|x64.ActiveCfg = Debug|Any CPU
		{9E59CEDB-8FB9-4FFF-A051-E272508B03FC}.Debug|x64.Build.0 = Debug|Any CPU
		{9E59CEDB-8FB9-4FFF-A051-E272508B03FC}.Debug|x86.ActiveCfg = Debug|Any CPU
		{9E59CEDB-8FB9-4FFF-A051-E272508B03FC}.Debug|x86.Build.0 = Debug|Any CPU
		{9E59CEDB-8FB9-4FFF-A051-E272508B03FC}.Release|Any CPU.ActiveCfg = Release|Any CPU
		{9E59CEDB-8FB9-4FFF-A051-E272508B03FC}.Release|Any CPU.Build.0 = Release|Any CPU
		{9E59CEDB-8FB9-4FFF-A051-E272508B03FC}.Release|x64.ActiveCfg = Release|Any CPU
		{9E59CEDB-8FB9-4FFF-A051-E272508B03FC}.Release|x64.Build.0 = Release|Any CPU
		{9E59CEDB-8FB9-4FFF-A051-E272508B03FC}.Release|x86.ActiveCfg = Release|Any CPU
		{9E59CEDB-8FB9-4FFF-A051-E272508B03FC}.Release|x86.Build.0 = Release|Any CPU
	EndGlobalSection
	GlobalSection(SolutionProperties) = preSolution
		HideSolutionNode = FALSE
	EndGlobalSection
	GlobalSection(NestedProjects) = preSolution
		{252CE0CD-1FB9-4620-8BC3-E29F5D15F978} = {827E0CD3-B72D-47B6-A68D-7590B98EB39B}
		{659458DF-543A-299B-5B52-F9CE6B25B319} = {827E0CD3-B72D-47B6-A68D-7590B98EB39B}
		{3C151707-8C1D-4733-9332-1179CE3698D1} = {659458DF-543A-299B-5B52-F9CE6B25B319}
		{447E5F5D-EA41-40FB-A3CC-75EBECD0B629} = {659458DF-543A-299B-5B52-F9CE6B25B319}
		{823C1D7D-C242-4B7D-8F7D-1CD459F36060} = {827E0CD3-B72D-47B6-A68D-7590B98EB39B}
		{A1D7A8BD-63E2-4087-87BC-371243542A82} = {827E0CD3-B72D-47B6-A68D-7590B98EB39B}
		{2A3DA8E9-CA09-48DC-9D13-C6725265F4AE} = {827E0CD3-B72D-47B6-A68D-7590B98EB39B}
		{6A0E352C-2EA2-4958-8432-8A2BDE7A70A7} = {827E0CD3-B72D-47B6-A68D-7590B98EB39B}
		{EEC85BE7-6A2A-4585-8BD1-9CF682E5EB98} = {0AB3BF05-4346-4AA6-1389-037BE0695223}
		{09CF6469-9673-4163-B32B-651EDB8AFDCF} = {659458DF-543A-299B-5B52-F9CE6B25B319}
		{6E1F8427-D307-463C-8FB9-F0A8C14D8CB0} = {659458DF-543A-299B-5B52-F9CE6B25B319}
		{8E9FA550-79D5-4D29-A5B7-63C471BA3BCE} = {0AB3BF05-4346-4AA6-1389-037BE0695223}
		{8E92A832-52FD-4D15-95FC-68FE32863274} = {0AB3BF05-4346-4AA6-1389-037BE0695223}
		{3B235590-549A-41DC-A9BC-C056BDF0DD10} = {827E0CD3-B72D-47B6-A68D-7590B98EB39B}
		{45078246-DE7E-4FE1-8118-3565F0FF01DF} = {0AB3BF05-4346-4AA6-1389-037BE0695223}
		{9E59CEDB-8FB9-4FFF-A051-E272508B03FC} = {0AB3BF05-4346-4AA6-1389-037BE0695223}
	EndGlobalSection
EndGlobal
